
Microsoft Visual Studio Solution File, Format Version 12.00
# Visual Studio Version 17
VisualStudioVersion = 17.5.002.0
MinimumVisualStudioVersion = 10.0.40219.1
Project("{9A19103F-16F7-4668-BE54-9A1E7A4F7556}") = "app", "app.csproj", "{370F5318-6103-475B-BE90-7C74CF336BA5}"
EndProject
Project("{9A19103F-16F7-4668-BE54-9A1E7A4F7556}") = "MyApp", "MyApp\MyApp.csproj", "{B0C5607D-7BE1-4369-B92C-B11EF7AA506D}"
EndProject
Global
	GlobalSection(SolutionConfigurationPlatforms) = preSolution
		Debug|Any CPU = Debug|Any CPU
		Release|Any CPU = Release|Any CPU
	EndGlobalSection
	GlobalSection(ProjectConfigurationPlatforms) = postSolution
		{370F5318-6103-475B-BE90-7C74CF336BA5}.Debug|Any CPU.ActiveCfg = Debug|Any CPU
		{370F5318-6103-475B-BE90-7C74CF336BA5}.Debug|Any CPU.Build.0 = Debug|Any CPU
		{370F5318-6103-475B-BE90-7C74CF336BA5}.Release|Any CPU.ActiveCfg = Release|Any CPU
		{370F5318-6103-475B-BE90-7C74CF336BA5}.Release|Any CPU.Build.0 = Release|Any CPU
		{B0C5607D-7BE1-4369-B92C-B11EF7AA506D}.Debug|Any CPU.ActiveCfg = Debug|Any CPU
		{B0C5607D-7BE1-4369-B92C-B11EF7AA506D}.Debug|Any CPU.Build.0 = Debug|Any CPU
		{B0C5607D-7BE1-4369-B92C-B11EF7AA506D}.Release|Any CPU.ActiveCfg = Release|Any CPU
		{B0C5607D-7BE1-4369-B92C-B11EF7AA506D}.Release|Any CPU.Build.0 = Release|Any CPU
	EndGlobalSection
	GlobalSection(SolutionProperties) = preSolution
		HideSolutionNode = FALSE
	EndGlobalSection
	GlobalSection(ExtensibilityGlobals) = postSolution
		SolutionGuid = {E5C6ED69-7C15-47C7-8F82-A0CF58C3B9A6}
	EndGlobalSection
EndGlobal
